// !$*UTF8*$!
{
	archiveVersion = 1;
	classes = {
	};
	objectVersion = 56;
	objects = {

/* Begin PBXBuildFile section */
		220526C1291DF2EB001DF063 /* MapView.swift in Sources */ = {isa = PBXBuildFile; fileRef = 220526C0291DF2EB001DF063 /* MapView.swift */; };
		220526C5291E0214001DF063 /* Skill.json in Resources */ = {isa = PBXBuildFile; fileRef = 220526C4291E0214001DF063 /* Skill.json */; };
		220526C7291E0224001DF063 /* GameEngine.json in Resources */ = {isa = PBXBuildFile; fileRef = 220526C6291E0224001DF063 /* GameEngine.json */; };
		220526C9291E02B5001DF063 /* User.json in Resources */ = {isa = PBXBuildFile; fileRef = 220526C8291E02B5001DF063 /* User.json */; };
		220DC6CF293048B300810E6C /* LocalUserData.swift in Sources */ = {isa = PBXBuildFile; fileRef = 220DC6CE293048B300810E6C /* LocalUserData.swift */; };
		22537EFA291DCC8800AF8B28 /* QuestView.swift in Sources */ = {isa = PBXBuildFile; fileRef = 22537EF9291DCC8800AF8B28 /* QuestView.swift */; };
		22537EFE291DCE0A00AF8B28 /* CustomTabView.swift in Sources */ = {isa = PBXBuildFile; fileRef = 22537EFD291DCE0A00AF8B28 /* CustomTabView.swift */; };
		22537F00291DD62A00AF8B28 /* PhotoPicker.swift in Sources */ = {isa = PBXBuildFile; fileRef = 22537EFF291DD62A00AF8B28 /* PhotoPicker.swift */; };
		22537F06291DE6CE00AF8B28 /* MainView.swift in Sources */ = {isa = PBXBuildFile; fileRef = 22537F05291DE6CE00AF8B28 /* MainView.swift */; };
		22537F08291DE7A900AF8B28 /* ScoreView.swift in Sources */ = {isa = PBXBuildFile; fileRef = 22537F07291DE7A900AF8B28 /* ScoreView.swift */; };
		2255003E29213ED3002B6D72 /* BranchenView.swift in Sources */ = {isa = PBXBuildFile; fileRef = 2255003D29213ED3002B6D72 /* BranchenView.swift */; };
		22A1DCDE2924A4CA00712521 /* DetailsView.swift in Sources */ = {isa = PBXBuildFile; fileRef = 22A1DCDD2924A4CA00712521 /* DetailsView.swift */; };
		22A33F41293E9CE400AFF219 /* LookViewController.swift in Sources */ = {isa = PBXBuildFile; fileRef = 22A33F3C293E9CE400AFF219 /* LookViewController.swift */; };
		22A33F42293E9CE400AFF219 /* MarkerDetailViewController.swift in Sources */ = {isa = PBXBuildFile; fileRef = 22A33F3D293E9CE400AFF219 /* MarkerDetailViewController.swift */; };
		22A33F43293E9CE400AFF219 /* ViewController.swift in Sources */ = {isa = PBXBuildFile; fileRef = 22A33F3E293E9CE400AFF219 /* ViewController.swift */; };
		22A33F44293E9CE400AFF219 /* OverlayViewController.swift in Sources */ = {isa = PBXBuildFile; fileRef = 22A33F3F293E9CE400AFF219 /* OverlayViewController.swift */; };
		22A33F49293EA7D600AFF219 /* Main.storyboard in Resources */ = {isa = PBXBuildFile; fileRef = 22A33F48293EA7D600AFF219 /* Main.storyboard */; };
		22AAF9E9294100760032A7E2 /* anders.swift in Sources */ = {isa = PBXBuildFile; fileRef = 22AAF9E8294100760032A7E2 /* anders.swift */; };
		22AAF9EB294100A60032A7E2 /* tab.swift in Sources */ = {isa = PBXBuildFile; fileRef = 22AAF9EA294100A60032A7E2 /* tab.swift */; };
		22AAF9ED294100CA0032A7E2 /* anders2.swift in Sources */ = {isa = PBXBuildFile; fileRef = 22AAF9EC294100CA0032A7E2 /* anders2.swift */; };
		22B2018529401BF7009DD562 /* WunschView.swift in Sources */ = {isa = PBXBuildFile; fileRef = 22B2018429401BF7009DD562 /* WunschView.swift */; };
		22B32072291CBCC9008DAF17 /* GameEngine.swift in Sources */ = {isa = PBXBuildFile; fileRef = 22B32071291CBCC9008DAF17 /* GameEngine.swift */; };
		22B32076291CBCD7008DAF17 /* ModelData.swift in Sources */ = {isa = PBXBuildFile; fileRef = 22B32075291CBCD7008DAF17 /* ModelData.swift */; };
		22B32078291CBCDD008DAF17 /* User.swift in Sources */ = {isa = PBXBuildFile; fileRef = 22B32077291CBCDD008DAF17 /* User.swift */; };
		22B3207E291CBD29008DAF17 /* FilterView.swift in Sources */ = {isa = PBXBuildFile; fileRef = 22B3207D291CBD29008DAF17 /* FilterView.swift */; };
		22B32080291CBD38008DAF17 /* HomeView.swift in Sources */ = {isa = PBXBuildFile; fileRef = 22B3207F291CBD38008DAF17 /* HomeView.swift */; };
		22B32082291CBD55008DAF17 /* LocationManager.swift in Sources */ = {isa = PBXBuildFile; fileRef = 22B32081291CBD55008DAF17 /* LocationManager.swift */; };
		22B32088291CBD8A008DAF17 /* Job.json in Resources */ = {isa = PBXBuildFile; fileRef = 22B32087291CBD8A008DAF17 /* Job.json */; };
		22C229C9293F051600C2CE8C /* KarteView.swift in Sources */ = {isa = PBXBuildFile; fileRef = 22C229C8293F051600C2CE8C /* KarteView.swift */; };
		22C229CB293F053F00C2CE8C /* OrteView.swift in Sources */ = {isa = PBXBuildFile; fileRef = 22C229CA293F053F00C2CE8C /* OrteView.swift */; };
		22D9EE752936BD6D00225332 /* AccountService.swift in Sources */ = {isa = PBXBuildFile; fileRef = 22D9EE742936BD6D00225332 /* AccountService.swift */; };
		22D9EE772938224200225332 /* NoAccountView.swift in Sources */ = {isa = PBXBuildFile; fileRef = 22D9EE762938224200225332 /* NoAccountView.swift */; };
		22DE872C29241ACA00AE7D30 /* LaunchScreen.swift in Sources */ = {isa = PBXBuildFile; fileRef = 22DE872B29241ACA00AE7D30 /* LaunchScreen.swift */; };
		22E38FE2291CBA71009D49E1 /* RegioQuestApp.swift in Sources */ = {isa = PBXBuildFile; fileRef = 22E38FE1291CBA71009D49E1 /* RegioQuestApp.swift */; };
		22E38FE6291CBA72009D49E1 /* Assets.xcassets in Resources */ = {isa = PBXBuildFile; fileRef = 22E38FE5291CBA72009D49E1 /* Assets.xcassets */; };
		22E38FE9291CBA72009D49E1 /* Preview Assets.xcassets in Resources */ = {isa = PBXBuildFile; fileRef = 22E38FE8291CBA72009D49E1 /* Preview Assets.xcassets */; };
		22E38FEB291CBA72009D49E1 /* Persistence.swift in Sources */ = {isa = PBXBuildFile; fileRef = 22E38FEA291CBA72009D49E1 /* Persistence.swift */; };
		22E7F8E92929951700726284 /* SkillView.swift in Sources */ = {isa = PBXBuildFile; fileRef = 22E7F8E82929951700726284 /* SkillView.swift */; };
		22E7F8EB2929954C00726284 /* OptionsView.swift in Sources */ = {isa = PBXBuildFile; fileRef = 22E7F8EA2929954C00726284 /* OptionsView.swift */; };
		22E7F8ED292995C500726284 /* GiftView.swift in Sources */ = {isa = PBXBuildFile; fileRef = 22E7F8EC292995C500726284 /* GiftView.swift */; };
		22E7F8EF292995FB00726284 /* ProfilView.swift in Sources */ = {isa = PBXBuildFile; fileRef = 22E7F8EE292995FB00726284 /* ProfilView.swift */; };
		22EBDDF52940D5920051F51A /* ViewRouter.swift in Sources */ = {isa = PBXBuildFile; fileRef = 22EBDDF42940D5920051F51A /* ViewRouter.swift */; };
		22EE0E712921E5C800D91898 /* Launch Screen.storyboard in Resources */ = {isa = PBXBuildFile; fileRef = 22EE0E702921E5C800D91898 /* Launch Screen.storyboard */; };
		22EE0E742921E77D00D91898 /* RegioQuest.xcdatamodeld in Sources */ = {isa = PBXBuildFile; fileRef = 22EE0E722921E77D00D91898 /* RegioQuest.xcdatamodeld */; };
		22EE0E762921F71200D91898 /* StoryView.swift in Sources */ = {isa = PBXBuildFile; fileRef = 22EE0E752921F71200D91898 /* StoryView.swift */; };
		22FA09952923E56100A936AD /* CoreDataStack.swift in Sources */ = {isa = PBXBuildFile; fileRef = 22FA09942923E56100A936AD /* CoreDataStack.swift */; };
/* End PBXBuildFile section */

/* Begin PBXFileReference section */
		220526C0291DF2EB001DF063 /* MapView.swift */ = {isa = PBXFileReference; lastKnownFileType = sourcecode.swift; path = MapView.swift; sourceTree = "<group>"; };
		220526C4291E0214001DF063 /* Skill.json */ = {isa = PBXFileReference; lastKnownFileType = text.json; path = Skill.json; sourceTree = "<group>"; };
		220526C6291E0224001DF063 /* GameEngine.json */ = {isa = PBXFileReference; lastKnownFileType = text.json; path = GameEngine.json; sourceTree = "<group>"; };
		220526C8291E02B5001DF063 /* User.json */ = {isa = PBXFileReference; lastKnownFileType = text.json; path = User.json; sourceTree = "<group>"; };
		220DC6CE293048B300810E6C /* LocalUserData.swift */ = {isa = PBXFileReference; lastKnownFileType = sourcecode.swift; path = LocalUserData.swift; sourceTree = "<group>"; };
		22537EF9291DCC8800AF8B28 /* QuestView.swift */ = {isa = PBXFileReference; lastKnownFileType = sourcecode.swift; path = QuestView.swift; sourceTree = "<group>"; };
		22537EFD291DCE0A00AF8B28 /* CustomTabView.swift */ = {isa = PBXFileReference; lastKnownFileType = sourcecode.swift; path = CustomTabView.swift; sourceTree = "<group>"; };
		22537EFF291DD62A00AF8B28 /* PhotoPicker.swift */ = {isa = PBXFileReference; lastKnownFileType = sourcecode.swift; path = PhotoPicker.swift; sourceTree = "<group>"; };
		22537F05291DE6CE00AF8B28 /* MainView.swift */ = {isa = PBXFileReference; lastKnownFileType = sourcecode.swift; path = MainView.swift; sourceTree = "<group>"; };
		22537F07291DE7A900AF8B28 /* ScoreView.swift */ = {isa = PBXFileReference; lastKnownFileType = sourcecode.swift; path = ScoreView.swift; sourceTree = "<group>"; };
		2255003D29213ED3002B6D72 /* BranchenView.swift */ = {isa = PBXFileReference; lastKnownFileType = sourcecode.swift; path = BranchenView.swift; sourceTree = "<group>"; };
		22A1DCDD2924A4CA00712521 /* DetailsView.swift */ = {isa = PBXFileReference; lastKnownFileType = sourcecode.swift; path = DetailsView.swift; sourceTree = "<group>"; };
		22A33F3C293E9CE400AFF219 /* LookViewController.swift */ = {isa = PBXFileReference; fileEncoding = 4; lastKnownFileType = sourcecode.swift; path = LookViewController.swift; sourceTree = "<group>"; };
		22A33F3D293E9CE400AFF219 /* MarkerDetailViewController.swift */ = {isa = PBXFileReference; fileEncoding = 4; lastKnownFileType = sourcecode.swift; path = MarkerDetailViewController.swift; sourceTree = "<group>"; };
		22A33F3E293E9CE400AFF219 /* ViewController.swift */ = {isa = PBXFileReference; fileEncoding = 4; lastKnownFileType = sourcecode.swift; path = ViewController.swift; sourceTree = "<group>"; };
		22A33F3F293E9CE400AFF219 /* OverlayViewController.swift */ = {isa = PBXFileReference; fileEncoding = 4; lastKnownFileType = sourcecode.swift; path = OverlayViewController.swift; sourceTree = "<group>"; };
		22A33F48293EA7D600AFF219 /* Main.storyboard */ = {isa = PBXFileReference; fileEncoding = 4; lastKnownFileType = file.storyboard; path = Main.storyboard; sourceTree = "<group>"; };
		22AAF9E8294100760032A7E2 /* anders.swift */ = {isa = PBXFileReference; lastKnownFileType = sourcecode.swift; path = anders.swift; sourceTree = "<group>"; };
		22AAF9EA294100A60032A7E2 /* tab.swift */ = {isa = PBXFileReference; lastKnownFileType = sourcecode.swift; path = tab.swift; sourceTree = "<group>"; };
		22AAF9EC294100CA0032A7E2 /* anders2.swift */ = {isa = PBXFileReference; lastKnownFileType = sourcecode.swift; path = anders2.swift; sourceTree = "<group>"; };
		22B2018429401BF7009DD562 /* WunschView.swift */ = {isa = PBXFileReference; lastKnownFileType = sourcecode.swift; path = WunschView.swift; sourceTree = "<group>"; };
		22B32071291CBCC9008DAF17 /* GameEngine.swift */ = {isa = PBXFileReference; lastKnownFileType = sourcecode.swift; path = GameEngine.swift; sourceTree = "<group>"; };
		22B32075291CBCD7008DAF17 /* ModelData.swift */ = {isa = PBXFileReference; lastKnownFileType = sourcecode.swift; path = ModelData.swift; sourceTree = "<group>"; };
		22B32077291CBCDD008DAF17 /* User.swift */ = {isa = PBXFileReference; lastKnownFileType = sourcecode.swift; path = User.swift; sourceTree = "<group>"; };
		22B3207D291CBD29008DAF17 /* FilterView.swift */ = {isa = PBXFileReference; lastKnownFileType = sourcecode.swift; path = FilterView.swift; sourceTree = "<group>"; };
		22B3207F291CBD38008DAF17 /* HomeView.swift */ = {isa = PBXFileReference; lastKnownFileType = sourcecode.swift; path = HomeView.swift; sourceTree = "<group>"; };
		22B32081291CBD55008DAF17 /* LocationManager.swift */ = {isa = PBXFileReference; lastKnownFileType = sourcecode.swift; path = LocationManager.swift; sourceTree = "<group>"; };
		22B32087291CBD8A008DAF17 /* Job.json */ = {isa = PBXFileReference; lastKnownFileType = text.json; path = Job.json; sourceTree = "<group>"; };
		22C229C8293F051600C2CE8C /* KarteView.swift */ = {isa = PBXFileReference; lastKnownFileType = sourcecode.swift; path = KarteView.swift; sourceTree = "<group>"; };
		22C229CA293F053F00C2CE8C /* OrteView.swift */ = {isa = PBXFileReference; lastKnownFileType = sourcecode.swift; path = OrteView.swift; sourceTree = "<group>"; };
		22D9EE742936BD6D00225332 /* AccountService.swift */ = {isa = PBXFileReference; lastKnownFileType = sourcecode.swift; path = AccountService.swift; sourceTree = "<group>"; };
		22D9EE762938224200225332 /* NoAccountView.swift */ = {isa = PBXFileReference; lastKnownFileType = sourcecode.swift; path = NoAccountView.swift; sourceTree = "<group>"; };
		22DE872B29241ACA00AE7D30 /* LaunchScreen.swift */ = {isa = PBXFileReference; lastKnownFileType = sourcecode.swift; path = LaunchScreen.swift; sourceTree = "<group>"; };
		22E38FDE291CBA71009D49E1 /* RegioQuest.app */ = {isa = PBXFileReference; explicitFileType = wrapper.application; includeInIndex = 0; path = RegioQuest.app; sourceTree = BUILT_PRODUCTS_DIR; };
		22E38FE1291CBA71009D49E1 /* RegioQuestApp.swift */ = {isa = PBXFileReference; lastKnownFileType = sourcecode.swift; path = RegioQuestApp.swift; sourceTree = "<group>"; };
		22E38FE5291CBA72009D49E1 /* Assets.xcassets */ = {isa = PBXFileReference; lastKnownFileType = folder.assetcatalog; path = Assets.xcassets; sourceTree = "<group>"; };
		22E38FE8291CBA72009D49E1 /* Preview Assets.xcassets */ = {isa = PBXFileReference; lastKnownFileType = folder.assetcatalog; path = "Preview Assets.xcassets"; sourceTree = "<group>"; };
		22E38FEA291CBA72009D49E1 /* Persistence.swift */ = {isa = PBXFileReference; lastKnownFileType = sourcecode.swift; path = Persistence.swift; sourceTree = "<group>"; };
		22E7F8E82929951700726284 /* SkillView.swift */ = {isa = PBXFileReference; lastKnownFileType = sourcecode.swift; path = SkillView.swift; sourceTree = "<group>"; };
		22E7F8EA2929954C00726284 /* OptionsView.swift */ = {isa = PBXFileReference; lastKnownFileType = sourcecode.swift; path = OptionsView.swift; sourceTree = "<group>"; };
		22E7F8EC292995C500726284 /* GiftView.swift */ = {isa = PBXFileReference; lastKnownFileType = sourcecode.swift; path = GiftView.swift; sourceTree = "<group>"; };
		22E7F8EE292995FB00726284 /* ProfilView.swift */ = {isa = PBXFileReference; lastKnownFileType = sourcecode.swift; path = ProfilView.swift; sourceTree = "<group>"; };
		22EBDDF42940D5920051F51A /* ViewRouter.swift */ = {isa = PBXFileReference; lastKnownFileType = sourcecode.swift; path = ViewRouter.swift; sourceTree = "<group>"; };
		22EE0E702921E5C800D91898 /* Launch Screen.storyboard */ = {isa = PBXFileReference; lastKnownFileType = file.storyboard; path = "Launch Screen.storyboard"; sourceTree = "<group>"; };
		22EE0E732921E77D00D91898 /* ModelRelations.xcdatamodel */ = {isa = PBXFileReference; lastKnownFileType = wrapper.xcdatamodel; path = ModelRelations.xcdatamodel; sourceTree = "<group>"; };
		22EE0E752921F71200D91898 /* StoryView.swift */ = {isa = PBXFileReference; lastKnownFileType = sourcecode.swift; path = StoryView.swift; sourceTree = "<group>"; };
		22FA09922923DC1F00A936AD /* RegioQuest.entitlements */ = {isa = PBXFileReference; lastKnownFileType = text.plist.entitlements; path = RegioQuest.entitlements; sourceTree = "<group>"; };
		22FA09932923DC2200A936AD /* Info.plist */ = {isa = PBXFileReference; lastKnownFileType = text.plist; path = Info.plist; sourceTree = "<group>"; };
		22FA09942923E56100A936AD /* CoreDataStack.swift */ = {isa = PBXFileReference; lastKnownFileType = sourcecode.swift; path = CoreDataStack.swift; sourceTree = "<group>"; };
/* End PBXFileReference section */

/* Begin PBXFrameworksBuildPhase section */
		22E38FDB291CBA71009D49E1 /* Frameworks */ = {
			isa = PBXFrameworksBuildPhase;
			buildActionMask = 2147483647;
			files = (
			);
			runOnlyForDeploymentPostprocessing = 0;
		};
/* End PBXFrameworksBuildPhase section */

/* Begin PBXGroup section */
		22054911293E90F00019798C /* MapKit */ = {
			isa = PBXGroup;
			children = (
				22C229CD293F05EC00C2CE8C /* Static */,
				22A33F48293EA7D600AFF219 /* Main.storyboard */,
				22A33F3D293E9CE400AFF219 /* MarkerDetailViewController.swift */,
				22A33F3F293E9CE400AFF219 /* OverlayViewController.swift */,
				22A33F3E293E9CE400AFF219 /* ViewController.swift */,
				22A33F3C293E9CE400AFF219 /* LookViewController.swift */,
				22B32081291CBD55008DAF17 /* LocationManager.swift */,
			);
			path = MapKit;
			sourceTree = "<group>";
		};
		22537EFB291DCC8C00AF8B28 /* Quest */ = {
			isa = PBXGroup;
			children = (
				22537EF9291DCC8800AF8B28 /* QuestView.swift */,
				2255003D29213ED3002B6D72 /* BranchenView.swift */,
			);
			path = Quest;
			sourceTree = "<group>";
		};
		22537EFC291DCDFC00AF8B28 /* Profil */ = {
			isa = PBXGroup;
			children = (
				22537EFD291DCE0A00AF8B28 /* CustomTabView.swift */,
				22537EFF291DD62A00AF8B28 /* PhotoPicker.swift */,
				22E7F8E82929951700726284 /* SkillView.swift */,
				22E7F8EA2929954C00726284 /* OptionsView.swift */,
				22E7F8EC292995C500726284 /* GiftView.swift */,
				22E7F8EE292995FB00726284 /* ProfilView.swift */,
				22D9EE762938224200225332 /* NoAccountView.swift */,
			);
			path = Profil;
			sourceTree = "<group>";
		};
		228111CC292745AB00042918 /* Data */ = {
			isa = PBXGroup;
			children = (
				22E38FEA291CBA72009D49E1 /* Persistence.swift */,
				22EE0E722921E77D00D91898 /* RegioQuest.xcdatamodeld */,
				22FA09942923E56100A936AD /* CoreDataStack.swift */,
			);
			path = Data;
			sourceTree = "<group>";
		};
		22AAF9E72941004F0032A7E2 /* Testen */ = {
			isa = PBXGroup;
			children = (
				22AAF9E8294100760032A7E2 /* anders.swift */,
				22AAF9EA294100A60032A7E2 /* tab.swift */,
				22AAF9EC294100CA0032A7E2 /* anders2.swift */,
			);
			path = Testen;
			sourceTree = "<group>";
		};
		22B3206E291CBCA4008DAF17 /* Models */ = {
			isa = PBXGroup;
			children = (
				22B32071291CBCC9008DAF17 /* GameEngine.swift */,
				22B32075291CBCD7008DAF17 /* ModelData.swift */,
				22B32077291CBCDD008DAF17 /* User.swift */,
				220DC6CE293048B300810E6C /* LocalUserData.swift */,
			);
			path = Models;
			sourceTree = "<group>";
		};
		22B3206F291CBCA9008DAF17 /* Views */ = {
			isa = PBXGroup;
			children = (
				22537EFC291DCDFC00AF8B28 /* Profil */,
				22537EFB291DCC8C00AF8B28 /* Quest */,
				22B3207C291CBD17008DAF17 /* Score */,
				22B3207A291CBD0C008DAF17 /* Home */,
				22537F05291DE6CE00AF8B28 /* MainView.swift */,
				22DE872B29241ACA00AE7D30 /* LaunchScreen.swift */,
			);
			path = Views;
			sourceTree = "<group>";
		};
		22B32070291CBCAE008DAF17 /* Ressources */ = {
			isa = PBXGroup;
			children = (
				22B32086291CBD79008DAF17 /* User */,
				22B32085291CBD74008DAF17 /* Quest */,
				22B32083291CBD69008DAF17 /* AR */,
			);
			path = Ressources;
			sourceTree = "<group>";
		};
		22B3207A291CBD0C008DAF17 /* Home */ = {
			isa = PBXGroup;
			children = (
				22B3207D291CBD29008DAF17 /* FilterView.swift */,
				22B3207F291CBD38008DAF17 /* HomeView.swift */,
				22EE0E752921F71200D91898 /* StoryView.swift */,
				22C229C8293F051600C2CE8C /* KarteView.swift */,
				22C229CA293F053F00C2CE8C /* OrteView.swift */,
				22B2018429401BF7009DD562 /* WunschView.swift */,
				22EBDDF42940D5920051F51A /* ViewRouter.swift */,
			);
			path = Home;
			sourceTree = "<group>";
		};
		22B3207C291CBD17008DAF17 /* Score */ = {
			isa = PBXGroup;
			children = (
				22537F07291DE7A900AF8B28 /* ScoreView.swift */,
			);
			path = Score;
			sourceTree = "<group>";
		};
		22B32083291CBD69008DAF17 /* AR */ = {
			isa = PBXGroup;
			children = (
				220526C6291E0224001DF063 /* GameEngine.json */,
			);
			path = AR;
			sourceTree = "<group>";
		};
		22B32085291CBD74008DAF17 /* Quest */ = {
			isa = PBXGroup;
			children = (
				22B32087291CBD8A008DAF17 /* Job.json */,
			);
			path = Quest;
			sourceTree = "<group>";
		};
		22B32086291CBD79008DAF17 /* User */ = {
			isa = PBXGroup;
			children = (
				220526C8291E02B5001DF063 /* User.json */,
				220526C4291E0214001DF063 /* Skill.json */,
			);
			path = User;
			sourceTree = "<group>";
		};
		22C229CC293F05C200C2CE8C /* Services */ = {
			isa = PBXGroup;
			children = (
				22D9EE742936BD6D00225332 /* AccountService.swift */,
			);
			path = Services;
			sourceTree = "<group>";
		};
		22C229CD293F05EC00C2CE8C /* Static */ = {
			isa = PBXGroup;
			children = (
				220526C0291DF2EB001DF063 /* MapView.swift */,
			);
			path = Static;
			sourceTree = "<group>";
		};
		22E38FD5291CBA71009D49E1 = {
			isa = PBXGroup;
			children = (
				22E38FE0291CBA71009D49E1 /* RegioQuest */,
				22E38FDF291CBA71009D49E1 /* Products */,
			);
			sourceTree = "<group>";
		};
		22E38FDF291CBA71009D49E1 /* Products */ = {
			isa = PBXGroup;
			children = (
				22E38FDE291CBA71009D49E1 /* RegioQuest.app */,
			);
			name = Products;
			sourceTree = "<group>";
		};
		22E38FE0291CBA71009D49E1 /* RegioQuest */ = {
			isa = PBXGroup;
			children = (
				22AAF9E72941004F0032A7E2 /* Testen */,
				22C229CC293F05C200C2CE8C /* Services */,
				22054911293E90F00019798C /* MapKit */,
				228111CC292745AB00042918 /* Data */,
				22FA09932923DC2200A936AD /* Info.plist */,
				22FA09922923DC1F00A936AD /* RegioQuest.entitlements */,
				22B32070291CBCAE008DAF17 /* Ressources */,
				22B3206F291CBCA9008DAF17 /* Views */,
				22B3206E291CBCA4008DAF17 /* Models */,
				22E38FE1291CBA71009D49E1 /* RegioQuestApp.swift */,
				22E38FE5291CBA72009D49E1 /* Assets.xcassets */,
				22E38FE7291CBA72009D49E1 /* Preview Content */,
				22EE0E702921E5C800D91898 /* Launch Screen.storyboard */,
				22A1DCDD2924A4CA00712521 /* DetailsView.swift */,
			);
			path = RegioQuest;
			sourceTree = "<group>";
		};
		22E38FE7291CBA72009D49E1 /* Preview Content */ = {
			isa = PBXGroup;
			children = (
				22E38FE8291CBA72009D49E1 /* Preview Assets.xcassets */,
			);
			path = "Preview Content";
			sourceTree = "<group>";
		};
/* End PBXGroup section */

/* Begin PBXNativeTarget section */
		22E38FDD291CBA71009D49E1 /* RegioQuest */ = {
			isa = PBXNativeTarget;
			buildConfigurationList = 22E38FF1291CBA72009D49E1 /* Build configuration list for PBXNativeTarget "RegioQuest" */;
			buildPhases = (
				22E38FDA291CBA71009D49E1 /* Sources */,
				22E38FDB291CBA71009D49E1 /* Frameworks */,
				22E38FDC291CBA71009D49E1 /* Resources */,
			);
			buildRules = (
			);
			dependencies = (
			);
			name = RegioQuest;
			productName = RegioQuest;
			productReference = 22E38FDE291CBA71009D49E1 /* RegioQuest.app */;
			productType = "com.apple.product-type.application";
		};
/* End PBXNativeTarget section */

/* Begin PBXProject section */
		22E38FD6291CBA71009D49E1 /* Project object */ = {
			isa = PBXProject;
			attributes = {
				BuildIndependentTargetsInParallel = 1;
				LastSwiftUpdateCheck = 1410;
				LastUpgradeCheck = 1410;
				TargetAttributes = {
					22E38FDD291CBA71009D49E1 = {
						CreatedOnToolsVersion = 14.1;
					};
				};
			};
			buildConfigurationList = 22E38FD9291CBA71009D49E1 /* Build configuration list for PBXProject "RegioQuest" */;
			compatibilityVersion = "Xcode 14.0";
			developmentRegion = en;
			hasScannedForEncodings = 0;
			knownRegions = (
				en,
				Base,
				de,
			);
			mainGroup = 22E38FD5291CBA71009D49E1;
			productRefGroup = 22E38FDF291CBA71009D49E1 /* Products */;
			projectDirPath = "";
			projectRoot = "";
			targets = (
				22E38FDD291CBA71009D49E1 /* RegioQuest */,
			);
		};
/* End PBXProject section */

/* Begin PBXResourcesBuildPhase section */
		22E38FDC291CBA71009D49E1 /* Resources */ = {
			isa = PBXResourcesBuildPhase;
			buildActionMask = 2147483647;
			files = (
				220526C7291E0224001DF063 /* GameEngine.json in Resources */,
				22E38FE9291CBA72009D49E1 /* Preview Assets.xcassets in Resources */,
				22E38FE6291CBA72009D49E1 /* Assets.xcassets in Resources */,
				220526C9291E02B5001DF063 /* User.json in Resources */,
				22B32088291CBD8A008DAF17 /* Job.json in Resources */,
				22A33F49293EA7D600AFF219 /* Main.storyboard in Resources */,
				220526C5291E0214001DF063 /* Skill.json in Resources */,
				22EE0E712921E5C800D91898 /* Launch Screen.storyboard in Resources */,
			);
			runOnlyForDeploymentPostprocessing = 0;
		};
/* End PBXResourcesBuildPhase section */

/* Begin PBXSourcesBuildPhase section */
		22E38FDA291CBA71009D49E1 /* Sources */ = {
			isa = PBXSourcesBuildPhase;
			buildActionMask = 2147483647;
			files = (
				22FA09952923E56100A936AD /* CoreDataStack.swift in Sources */,
				22A33F42293E9CE400AFF219 /* MarkerDetailViewController.swift in Sources */,
				22C229C9293F051600C2CE8C /* KarteView.swift in Sources */,
				22A33F44293E9CE400AFF219 /* OverlayViewController.swift in Sources */,
				22537F00291DD62A00AF8B28 /* PhotoPicker.swift in Sources */,
				22537F06291DE6CE00AF8B28 /* MainView.swift in Sources */,
				22B2018529401BF7009DD562 /* WunschView.swift in Sources */,
				22EE0E762921F71200D91898 /* StoryView.swift in Sources */,
				22B32072291CBCC9008DAF17 /* GameEngine.swift in Sources */,
				22E7F8E92929951700726284 /* SkillView.swift in Sources */,
				22A33F41293E9CE400AFF219 /* LookViewController.swift in Sources */,
				22C229CB293F053F00C2CE8C /* OrteView.swift in Sources */,
				22E38FEB291CBA72009D49E1 /* Persistence.swift in Sources */,
				22E7F8EF292995FB00726284 /* ProfilView.swift in Sources */,
				22B32082291CBD55008DAF17 /* LocationManager.swift in Sources */,
				22EBDDF52940D5920051F51A /* ViewRouter.swift in Sources */,
				22E7F8EB2929954C00726284 /* OptionsView.swift in Sources */,
				22B32080291CBD38008DAF17 /* HomeView.swift in Sources */,
				22E7F8ED292995C500726284 /* GiftView.swift in Sources */,
				22AAF9ED294100CA0032A7E2 /* anders2.swift in Sources */,
				22D9EE752936BD6D00225332 /* AccountService.swift in Sources */,
				22D9EE772938224200225332 /* NoAccountView.swift in Sources */,
				22537EFE291DCE0A00AF8B28 /* CustomTabView.swift in Sources */,
				220526C1291DF2EB001DF063 /* MapView.swift in Sources */,
				22E38FE2291CBA71009D49E1 /* RegioQuestApp.swift in Sources */,
				22B3207E291CBD29008DAF17 /* FilterView.swift in Sources */,
				22AAF9EB294100A60032A7E2 /* tab.swift in Sources */,
				2255003E29213ED3002B6D72 /* BranchenView.swift in Sources */,
				22A1DCDE2924A4CA00712521 /* DetailsView.swift in Sources */,
				22B32078291CBCDD008DAF17 /* User.swift in Sources */,
				22A33F43293E9CE400AFF219 /* ViewController.swift in Sources */,
				220DC6CF293048B300810E6C /* LocalUserData.swift in Sources */,
				22B32076291CBCD7008DAF17 /* ModelData.swift in Sources */,
				22537EFA291DCC8800AF8B28 /* QuestView.swift in Sources */,
				22AAF9E9294100760032A7E2 /* anders.swift in Sources */,
				22DE872C29241ACA00AE7D30 /* LaunchScreen.swift in Sources */,
				22EE0E742921E77D00D91898 /* RegioQuest.xcdatamodeld in Sources */,
				22537F08291DE7A900AF8B28 /* ScoreView.swift in Sources */,
			);
			runOnlyForDeploymentPostprocessing = 0;
		};
/* End PBXSourcesBuildPhase section */

/* Begin XCBuildConfiguration section */
		22E38FEF291CBA72009D49E1 /* Debug */ = {
			isa = XCBuildConfiguration;
			buildSettings = {
				ALWAYS_SEARCH_USER_PATHS = NO;
				CLANG_ANALYZER_NONNULL = YES;
				CLANG_ANALYZER_NUMBER_OBJECT_CONVERSION = YES_AGGRESSIVE;
				CLANG_CXX_LANGUAGE_STANDARD = "gnu++20";
				CLANG_ENABLE_MODULES = YES;
				CLANG_ENABLE_OBJC_ARC = YES;
				CLANG_ENABLE_OBJC_WEAK = YES;
				CLANG_WARN_BLOCK_CAPTURE_AUTORELEASING = YES;
				CLANG_WARN_BOOL_CONVERSION = YES;
				CLANG_WARN_COMMA = YES;
				CLANG_WARN_CONSTANT_CONVERSION = YES;
				CLANG_WARN_DEPRECATED_OBJC_IMPLEMENTATIONS = YES;
				CLANG_WARN_DIRECT_OBJC_ISA_USAGE = YES_ERROR;
				CLANG_WARN_DOCUMENTATION_COMMENTS = YES;
				CLANG_WARN_EMPTY_BODY = YES;
				CLANG_WARN_ENUM_CONVERSION = YES;
				CLANG_WARN_INFINITE_RECURSION = YES;
				CLANG_WARN_INT_CONVERSION = YES;
				CLANG_WARN_NON_LITERAL_NULL_CONVERSION = YES;
				CLANG_WARN_OBJC_IMPLICIT_RETAIN_SELF = YES;
				CLANG_WARN_OBJC_LITERAL_CONVERSION = YES;
				CLANG_WARN_OBJC_ROOT_CLASS = YES_ERROR;
				CLANG_WARN_QUOTED_INCLUDE_IN_FRAMEWORK_HEADER = YES;
				CLANG_WARN_RANGE_LOOP_ANALYSIS = YES;
				CLANG_WARN_STRICT_PROTOTYPES = YES;
				CLANG_WARN_SUSPICIOUS_MOVE = YES;
				CLANG_WARN_UNGUARDED_AVAILABILITY = YES_AGGRESSIVE;
				CLANG_WARN_UNREACHABLE_CODE = YES;
				CLANG_WARN__DUPLICATE_METHOD_MATCH = YES;
				COPY_PHASE_STRIP = NO;
				DEBUG_INFORMATION_FORMAT = dwarf;
				ENABLE_STRICT_OBJC_MSGSEND = YES;
				ENABLE_TESTABILITY = YES;
				GCC_C_LANGUAGE_STANDARD = gnu11;
				GCC_DYNAMIC_NO_PIC = NO;
				GCC_NO_COMMON_BLOCKS = YES;
				GCC_OPTIMIZATION_LEVEL = 0;
				GCC_PREPROCESSOR_DEFINITIONS = (
					"DEBUG=1",
					"$(inherited)",
				);
				GCC_WARN_64_TO_32_BIT_CONVERSION = YES;
				GCC_WARN_ABOUT_RETURN_TYPE = YES_ERROR;
				GCC_WARN_UNDECLARED_SELECTOR = YES;
				GCC_WARN_UNINITIALIZED_AUTOS = YES_AGGRESSIVE;
				GCC_WARN_UNUSED_FUNCTION = YES;
				GCC_WARN_UNUSED_VARIABLE = YES;
				IPHONEOS_DEPLOYMENT_TARGET = 16.1;
				MTL_ENABLE_DEBUG_INFO = INCLUDE_SOURCE;
				MTL_FAST_MATH = YES;
				ONLY_ACTIVE_ARCH = YES;
				SDKROOT = iphoneos;
				SWIFT_ACTIVE_COMPILATION_CONDITIONS = DEBUG;
				SWIFT_OPTIMIZATION_LEVEL = "-Onone";
			};
			name = Debug;
		};
		22E38FF0291CBA72009D49E1 /* Release */ = {
			isa = XCBuildConfiguration;
			buildSettings = {
				ALWAYS_SEARCH_USER_PATHS = NO;
				CLANG_ANALYZER_NONNULL = YES;
				CLANG_ANALYZER_NUMBER_OBJECT_CONVERSION = YES_AGGRESSIVE;
				CLANG_CXX_LANGUAGE_STANDARD = "gnu++20";
				CLANG_ENABLE_MODULES = YES;
				CLANG_ENABLE_OBJC_ARC = YES;
				CLANG_ENABLE_OBJC_WEAK = YES;
				CLANG_WARN_BLOCK_CAPTURE_AUTORELEASING = YES;
				CLANG_WARN_BOOL_CONVERSION = YES;
				CLANG_WARN_COMMA = YES;
				CLANG_WARN_CONSTANT_CONVERSION = YES;
				CLANG_WARN_DEPRECATED_OBJC_IMPLEMENTATIONS = YES;
				CLANG_WARN_DIRECT_OBJC_ISA_USAGE = YES_ERROR;
				CLANG_WARN_DOCUMENTATION_COMMENTS = YES;
				CLANG_WARN_EMPTY_BODY = YES;
				CLANG_WARN_ENUM_CONVERSION = YES;
				CLANG_WARN_INFINITE_RECURSION = YES;
				CLANG_WARN_INT_CONVERSION = YES;
				CLANG_WARN_NON_LITERAL_NULL_CONVERSION = YES;
				CLANG_WARN_OBJC_IMPLICIT_RETAIN_SELF = YES;
				CLANG_WARN_OBJC_LITERAL_CONVERSION = YES;
				CLANG_WARN_OBJC_ROOT_CLASS = YES_ERROR;
				CLANG_WARN_QUOTED_INCLUDE_IN_FRAMEWORK_HEADER = YES;
				CLANG_WARN_RANGE_LOOP_ANALYSIS = YES;
				CLANG_WARN_STRICT_PROTOTYPES = YES;
				CLANG_WARN_SUSPICIOUS_MOVE = YES;
				CLANG_WARN_UNGUARDED_AVAILABILITY = YES_AGGRESSIVE;
				CLANG_WARN_UNREACHABLE_CODE = YES;
				CLANG_WARN__DUPLICATE_METHOD_MATCH = YES;
				COPY_PHASE_STRIP = NO;
				DEBUG_INFORMATION_FORMAT = "dwarf-with-dsym";
				ENABLE_NS_ASSERTIONS = NO;
				ENABLE_STRICT_OBJC_MSGSEND = YES;
				GCC_C_LANGUAGE_STANDARD = gnu11;
				GCC_NO_COMMON_BLOCKS = YES;
				GCC_WARN_64_TO_32_BIT_CONVERSION = YES;
				GCC_WARN_ABOUT_RETURN_TYPE = YES_ERROR;
				GCC_WARN_UNDECLARED_SELECTOR = YES;
				GCC_WARN_UNINITIALIZED_AUTOS = YES_AGGRESSIVE;
				GCC_WARN_UNUSED_FUNCTION = YES;
				GCC_WARN_UNUSED_VARIABLE = YES;
				IPHONEOS_DEPLOYMENT_TARGET = 16.1;
				MTL_ENABLE_DEBUG_INFO = NO;
				MTL_FAST_MATH = YES;
				SDKROOT = iphoneos;
				SWIFT_COMPILATION_MODE = wholemodule;
				SWIFT_OPTIMIZATION_LEVEL = "-O";
				VALIDATE_PRODUCT = YES;
			};
			name = Release;
		};
		22E38FF2291CBA72009D49E1 /* Debug */ = {
			isa = XCBuildConfiguration;
			buildSettings = {
				ASSETCATALOG_COMPILER_APPICON_NAME = AppIcon;
				ASSETCATALOG_COMPILER_GLOBAL_ACCENT_COLOR_NAME = AccentColor;
				CODE_SIGN_ENTITLEMENTS = RegioQuest/RegioQuest.entitlements;
				CODE_SIGN_STYLE = Automatic;
				CURRENT_PROJECT_VERSION = 1;
				DEVELOPMENT_ASSET_PATHS = "\"RegioQuest/Preview Content\"";
				DEVELOPMENT_TEAM = B52B5R8QVF;
				ENABLE_PREVIEWS = YES;
				GENERATE_INFOPLIST_FILE = YES;
				INFOPLIST_FILE = RegioQuest/Info.plist;
				INFOPLIST_KEY_NSLocationAlwaysAndWhenInUseUsageDescription = "Localization Always and When In Use";
				INFOPLIST_KEY_NSLocationAlwaysUsageDescription = String;
				INFOPLIST_KEY_NSLocationWhenInUseUsageDescription = String;
				INFOPLIST_KEY_UIApplicationSceneManifest_Generation = YES;
				INFOPLIST_KEY_UIApplicationSupportsIndirectInputEvents = YES;
				INFOPLIST_KEY_UILaunchScreen_Generation = YES;
				INFOPLIST_KEY_UILaunchStoryboardName = "Launch Screen.storyboard";
				INFOPLIST_KEY_UISupportedInterfaceOrientations_iPad = "UIInterfaceOrientationPortrait UIInterfaceOrientationPortraitUpsideDown UIInterfaceOrientationLandscapeLeft UIInterfaceOrientationLandscapeRight";
				INFOPLIST_KEY_UISupportedInterfaceOrientations_iPhone = "UIInterfaceOrientationPortrait UIInterfaceOrientationLandscapeLeft UIInterfaceOrientationLandscapeRight";
				IPHONEOS_DEPLOYMENT_TARGET = 16.1;
				LD_RUNPATH_SEARCH_PATHS = (
					"$(inherited)",
					"@executable_path/Frameworks",
				);
				MARKETING_VERSION = 1.0;
				PRODUCT_BUNDLE_IDENTIFIER = de.salman.RegioQuest;
				PRODUCT_NAME = "$(TARGET_NAME)";
				SWIFT_EMIT_LOC_STRINGS = YES;
				SWIFT_VERSION = 5.0;
				TARGETED_DEVICE_FAMILY = "1,2";
			};
			name = Debug;
		};
		22E38FF3291CBA72009D49E1 /* Release */ = {
			isa = XCBuildConfiguration;
			buildSettings = {
				ASSETCATALOG_COMPILER_APPICON_NAME = AppIcon;
				ASSETCATALOG_COMPILER_GLOBAL_ACCENT_COLOR_NAME = AccentColor;
				CODE_SIGN_ENTITLEMENTS = RegioQuest/RegioQuest.entitlements;
				CODE_SIGN_STYLE = Automatic;
				CURRENT_PROJECT_VERSION = 1;
				DEVELOPMENT_ASSET_PATHS = "\"RegioQuest/Preview Content\"";
				DEVELOPMENT_TEAM = B52B5R8QVF;
				ENABLE_PREVIEWS = YES;
				GENERATE_INFOPLIST_FILE = YES;
				INFOPLIST_FILE = RegioQuest/Info.plist;
				INFOPLIST_KEY_NSLocationAlwaysAndWhenInUseUsageDescription = "Localization Always and When In Use";
				INFOPLIST_KEY_NSLocationAlwaysUsageDescription = String;
				INFOPLIST_KEY_NSLocationWhenInUseUsageDescription = String;
				INFOPLIST_KEY_UIApplicationSceneManifest_Generation = YES;
				INFOPLIST_KEY_UIApplicationSupportsIndirectInputEvents = YES;
				INFOPLIST_KEY_UILaunchScreen_Generation = YES;
				INFOPLIST_KEY_UILaunchStoryboardName = "Launch Screen.storyboard";
				INFOPLIST_KEY_UISupportedInterfaceOrientations_iPad = "UIInterfaceOrientationPortrait UIInterfaceOrientationPortraitUpsideDown UIInterfaceOrientationLandscapeLeft UIInterfaceOrientationLandscapeRight";
				INFOPLIST_KEY_UISupportedInterfaceOrientations_iPhone = "UIInterfaceOrientationPortrait UIInterfaceOrientationLandscapeLeft UIInterfaceOrientationLandscapeRight";
				IPHONEOS_DEPLOYMENT_TARGET = 16.1;
				LD_RUNPATH_SEARCH_PATHS = (
					"$(inherited)",
					"@executable_path/Frameworks",
				);
				MARKETING_VERSION = 1.0;
				PRODUCT_BUNDLE_IDENTIFIER = de.salman.RegioQuest;
				PRODUCT_NAME = "$(TARGET_NAME)";
				SWIFT_EMIT_LOC_STRINGS = YES;
				SWIFT_VERSION = 5.0;
				TARGETED_DEVICE_FAMILY = "1,2";
			};
			name = Release;
		};
/* End XCBuildConfiguration section */

/* Begin XCConfigurationList section */
		22E38FD9291CBA71009D49E1 /* Build configuration list for PBXProject "RegioQuest" */ = {
			isa = XCConfigurationList;
			buildConfigurations = (
				22E38FEF291CBA72009D49E1 /* Debug */,
				22E38FF0291CBA72009D49E1 /* Release */,
			);
			defaultConfigurationIsVisible = 0;
			defaultConfigurationName = Release;
		};
		22E38FF1291CBA72009D49E1 /* Build configuration list for PBXNativeTarget "RegioQuest" */ = {
			isa = XCConfigurationList;
			buildConfigurations = (
				22E38FF2291CBA72009D49E1 /* Debug */,
				22E38FF3291CBA72009D49E1 /* Release */,
			);
			defaultConfigurationIsVisible = 0;
			defaultConfigurationName = Release;
		};
/* End XCConfigurationList section */

/* Begin XCVersionGroup section */
		22EE0E722921E77D00D91898 /* RegioQuest.xcdatamodeld */ = {
			isa = XCVersionGroup;
			children = (
				22EE0E732921E77D00D91898 /* ModelRelations.xcdatamodel */,
			);
			currentVersion = 22EE0E732921E77D00D91898 /* ModelRelations.xcdatamodel */;
			path = RegioQuest.xcdatamodeld;
			sourceTree = "<group>";
			versionGroupType = wrapper.xcdatamodel;
		};
/* End XCVersionGroup section */
	};
	rootObject = 22E38FD6291CBA71009D49E1 /* Project object */;
}
